
Microsoft Visual Studio Solution File, Format Version 12.00
# Visual Studio Version 16
VisualStudioVersion = 16.0.31624.102
MinimumVisualStudioVersion = 10.0.40219.1
Project("{FAE04EC0-301F-11D3-BF4B-00C04F79EFBC}") = "DieGanzeWeltWirdWiederDeutschSprechen", "DieGanzeWeltWirdWiederDeutschSprechen\DieGanzeWeltWirdWiederDeutschSprechen.csproj", "{AE3DD352-D194-4642-967D-3729D60C38AA}"
EndProject
Global
	GlobalSection(SolutionConfigurationPlatforms) = preSolution
		Debug|Any CPU = Debug|Any CPU
		Release|Any CPU = Release|Any CPU
	EndGlobalSection
	GlobalSection(ProjectConfigurationPlatforms) = postSolution
		{AE3DD352-D194-4642-967D-3729D60C38AA}.Debug|Any CPU.ActiveCfg = Debug|Any CPU
		{AE3DD352-D194-4642-967D-3729D60C38AA}.Debug|Any CPU.Build.0 = Debug|Any CPU
		{AE3DD352-D194-4642-967D-3729D60C38AA}.Release|Any CPU.ActiveCfg = Release|Any CPU
		{AE3DD352-D194-4642-967D-3729D60C38AA}.Release|Any CPU.Build.0 = Release|Any CPU
	EndGlobalSection
	GlobalSection(SolutionProperties) = preSolution
		HideSolutionNode = FALSE
	EndGlobalSection
	GlobalSection(ExtensibilityGlobals) = postSolution
		SolutionGuid = {62BE8C16-9F25-48B8-8876-5D2B0B95DDCF}
	EndGlobalSection
EndGlobal
